{
  "name": "ajs-homework-nodejs",
  "version": "1.0.0",
  "lockfileVersion": 2,
  "requires": true,
  "packages": {
    "": {
      "name": "ajs-homework-nodejs",
      "version": "1.0.0",
      "license": "ISC",
      "dependencies": {
        "@snezhka003/ajs-homework-platforms": "^1.0.0"
      }
    },
    "node_modules/@snezhka003/ajs-homework-platforms": {
      "version": "1.0.0",
      "resolved": "https://npm.pkg.github.com/download/@snezhka003/ajs-homework-platforms/1.0.0/db0b95b98fde06fe64e3ac8a02b91e1e14b1926b",
      "integrity": "sha512-KooOYBbMa46obI1/nB6ruf2hm98X79DReHsOn/j69Tn7oJ5282ghZg4l1/+xIdydGYt2r7imiqOR51zSNieueA==",
      "license": "ISC"
    }
  },
  "dependencies": {
    "@snezhka003/ajs-homework-platforms": {
      "version": "1.0.0",
      "resolved": "https://npm.pkg.github.com/download/@snezhka003/ajs-homework-platforms/1.0.0/db0b95b98fde06fe64e3ac8a02b91e1e14b1926b",
      "integrity": "sha512-KooOYBbMa46obI1/nB6ruf2hm98X79DReHsOn/j69Tn7oJ5282ghZg4l1/+xIdydGYt2r7imiqOR51zSNieueA=="
    }
  }
}
